
Microsoft Visual Studio Solution File, Format Version 12.00
# Visual Studio 14
VisualStudioVersion = 14.0.22823.1
MinimumVisualStudioVersion = 10.0.40219.1
Project("{8BC9CEB8-8B4A-11D0-8D11-00A0C91BC942}") = "test1", "test1\test1.vcxproj", "{7E1E0865-72A5-42BE-B70A-08DABDAC0C50}"
EndProject
Project("{2150E333-8FDC-42A3-9474-1A3956D46DE8}") = "Support", "Support", "{63389AF5-1176-4C83-914C-E478AAE4DF99}"
	ProjectSection(SolutionItems) = preProject
		notes.txt = notes.txt
	EndProjectSection
EndProject
Project("{8BC9CEB8-8B4A-11D0-8D11-00A0C91BC942}") = "test2", "test2\test2.vcxproj", "{B98C7952-FFAA-4EDD-BB10-F79407D6CA1F}"
EndProject
Project("{8BC9CEB8-8B4A-11D0-8D11-00A0C91BC942}") = "test3", "test3\test3.vcxproj", "{2905A090-9C82-4DBD-A452-860351A7E6EE}"
EndProject
Project("{8BC9CEB8-8B4A-11D0-8D11-00A0C91BC942}") = "test4", "test4\test4.vcxproj", "{66947C5A-57A2-473D-86FA-FD0C05F53912}"
EndProject
Project("{8BC9CEB8-8B4A-11D0-8D11-00A0C91BC942}") = "test5", "test5\test5.vcxproj", "{8241AAF8-EAC5-4A7A-875B-92308B438945}"
	ProjectSection(ProjectDependencies) = postProject
		{82570206-587C-48CA-9280-054D97E0A417} = {82570206-587C-48CA-9280-054D97E0A417}
	EndProjectSection
EndProject
Project("{8BC9CEB8-8B4A-11D0-8D11-00A0C91BC942}") = "LIbrary", "LIbrary\LIbrary.vcxproj", "{82570206-587C-48CA-9280-054D97E0A417}"
EndProject
Project("{8BC9CEB8-8B4A-11D0-8D11-00A0C91BC942}") = "jackson", "jackson\jackson.vcxproj", "{1AF03BEC-8710-401F-AC95-392EE735AAA2}"
EndProject
Global
	GlobalSection(SolutionConfigurationPlatforms) = preSolution
		Debug|Mixed Platforms = Debug|Mixed Platforms
		Debug|Win32 = Debug|Win32
		Debug|x64 = Debug|x64
		Release|Mixed Platforms = Release|Mixed Platforms
		Release|Win32 = Release|Win32
		Release|x64 = Release|x64
	EndGlobalSection
	GlobalSection(ProjectConfigurationPlatforms) = postSolution
		{7E1E0865-72A5-42BE-B70A-08DABDAC0C50}.Debug|Mixed Platforms.ActiveCfg = Debug|Win32
		{7E1E0865-72A5-42BE-B70A-08DABDAC0C50}.Debug|Mixed Platforms.Build.0 = Debug|Win32
		{7E1E0865-72A5-42BE-B70A-08DABDAC0C50}.Debug|Win32.ActiveCfg = Debug|Win32
		{7E1E0865-72A5-42BE-B70A-08DABDAC0C50}.Debug|Win32.Build.0 = Debug|Win32
		{7E1E0865-72A5-42BE-B70A-08DABDAC0C50}.Debug|x64.ActiveCfg = Debug|x64
		{7E1E0865-72A5-42BE-B70A-08DABDAC0C50}.Release|Mixed Platforms.ActiveCfg = Release|Win32
		{7E1E0865-72A5-42BE-B70A-08DABDAC0C50}.Release|Mixed Platforms.Build.0 = Release|Win32
		{7E1E0865-72A5-42BE-B70A-08DABDAC0C50}.Release|Win32.ActiveCfg = Release|Win32
		{7E1E0865-72A5-42BE-B70A-08DABDAC0C50}.Release|Win32.Build.0 = Release|Win32
		{7E1E0865-72A5-42BE-B70A-08DABDAC0C50}.Release|x64.ActiveCfg = Release|x64
		{B98C7952-FFAA-4EDD-BB10-F79407D6CA1F}.Debug|Mixed Platforms.ActiveCfg = Debug|Win32
		{B98C7952-FFAA-4EDD-BB10-F79407D6CA1F}.Debug|Mixed Platforms.Build.0 = Debug|Win32
		{B98C7952-FFAA-4EDD-BB10-F79407D6CA1F}.Debug|Win32.ActiveCfg = Debug|Win32
		{B98C7952-FFAA-4EDD-BB10-F79407D6CA1F}.Debug|Win32.Build.0 = Debug|Win32
		{B98C7952-FFAA-4EDD-BB10-F79407D6CA1F}.Debug|x64.ActiveCfg = Debug|x64
		{B98C7952-FFAA-4EDD-BB10-F79407D6CA1F}.Release|Mixed Platforms.ActiveCfg = Release|Win32
		{B98C7952-FFAA-4EDD-BB10-F79407D6CA1F}.Release|Mixed Platforms.Build.0 = Release|Win32
		{B98C7952-FFAA-4EDD-BB10-F79407D6CA1F}.Release|Win32.ActiveCfg = Release|Win32
		{B98C7952-FFAA-4EDD-BB10-F79407D6CA1F}.Release|Win32.Build.0 = Release|Win32
		{B98C7952-FFAA-4EDD-BB10-F79407D6CA1F}.Release|x64.ActiveCfg = Release|x64
		{2905A090-9C82-4DBD-A452-860351A7E6EE}.Debug|Mixed Platforms.ActiveCfg = Debug|Win32
		{2905A090-9C82-4DBD-A452-860351A7E6EE}.Debug|Mixed Platforms.Build.0 = Debug|Win32
		{2905A090-9C82-4DBD-A452-860351A7E6EE}.Debug|Win32.ActiveCfg = Debug|Win32
		{2905A090-9C82-4DBD-A452-860351A7E6EE}.Debug|Win32.Build.0 = Debug|Win32
		{2905A090-9C82-4DBD-A452-860351A7E6EE}.Debug|x64.ActiveCfg = Debug|x64
		{2905A090-9C82-4DBD-A452-860351A7E6EE}.Release|Mixed Platforms.ActiveCfg = Release|Win32
		{2905A090-9C82-4DBD-A452-860351A7E6EE}.Release|Mixed Platforms.Build.0 = Release|Win32
		{2905A090-9C82-4DBD-A452-860351A7E6EE}.Release|Win32.ActiveCfg = Release|Win32
		{2905A090-9C82-4DBD-A452-860351A7E6EE}.Release|Win32.Build.0 = Release|Win32
		{2905A090-9C82-4DBD-A452-860351A7E6EE}.Release|x64.ActiveCfg = Release|x64
		{66947C5A-57A2-473D-86FA-FD0C05F53912}.Debug|Mixed Platforms.ActiveCfg = Debug|Win32
		{66947C5A-57A2-473D-86FA-FD0C05F53912}.Debug|Mixed Platforms.Build.0 = Debug|Win32
		{66947C5A-57A2-473D-86FA-FD0C05F53912}.Debug|Win32.ActiveCfg = Debug|Win32
		{66947C5A-57A2-473D-86FA-FD0C05F53912}.Debug|Win32.Build.0 = Debug|Win32
		{66947C5A-57A2-473D-86FA-FD0C05F53912}.Debug|x64.ActiveCfg = Debug|x64
		{66947C5A-57A2-473D-86FA-FD0C05F53912}.Release|Mixed Platforms.ActiveCfg = Release|Win32
		{66947C5A-57A2-473D-86FA-FD0C05F53912}.Release|Mixed Platforms.Build.0 = Release|Win32
		{66947C5A-57A2-473D-86FA-FD0C05F53912}.Release|Win32.ActiveCfg = Release|Win32
		{66947C5A-57A2-473D-86FA-FD0C05F53912}.Release|Win32.Build.0 = Release|Win32
		{66947C5A-57A2-473D-86FA-FD0C05F53912}.Release|x64.ActiveCfg = Release|x64
		{8241AAF8-EAC5-4A7A-875B-92308B438945}.Debug|Mixed Platforms.ActiveCfg = Debug|Win32
		{8241AAF8-EAC5-4A7A-875B-92308B438945}.Debug|Mixed Platforms.Build.0 = Debug|Win32
		{8241AAF8-EAC5-4A7A-875B-92308B438945}.Debug|Win32.ActiveCfg = Debug|Win32
		{8241AAF8-EAC5-4A7A-875B-92308B438945}.Debug|Win32.Build.0 = Debug|Win32
		{8241AAF8-EAC5-4A7A-875B-92308B438945}.Debug|x64.ActiveCfg = Debug|x64
		{8241AAF8-EAC5-4A7A-875B-92308B438945}.Release|Mixed Platforms.ActiveCfg = Release|Win32
		{8241AAF8-EAC5-4A7A-875B-92308B438945}.Release|Mixed Platforms.Build.0 = Release|Win32
		{8241AAF8-EAC5-4A7A-875B-92308B438945}.Release|Win32.ActiveCfg = Release|Win32
		{8241AAF8-EAC5-4A7A-875B-92308B438945}.Release|Win32.Build.0 = Release|Win32
		{8241AAF8-EAC5-4A7A-875B-92308B438945}.Release|x64.ActiveCfg = Release|x64
		{8241AAF8-EAC5-4A7A-875B-92308B438945}.Release|x64.Build.0 = Release|x64
		{82570206-587C-48CA-9280-054D97E0A417}.Debug|Mixed Platforms.ActiveCfg = Debug|Win32
		{82570206-587C-48CA-9280-054D97E0A417}.Debug|Mixed Platforms.Build.0 = Debug|Win32
		{82570206-587C-48CA-9280-054D97E0A417}.Debug|Win32.ActiveCfg = Debug|Win32
		{82570206-587C-48CA-9280-054D97E0A417}.Debug|Win32.Build.0 = Debug|Win32
		{82570206-587C-48CA-9280-054D97E0A417}.Debug|x64.ActiveCfg = Debug|x64
		{82570206-587C-48CA-9280-054D97E0A417}.Release|Mixed Platforms.ActiveCfg = Release|Win32
		{82570206-587C-48CA-9280-054D97E0A417}.Release|Mixed Platforms.Build.0 = Release|Win32
		{82570206-587C-48CA-9280-054D97E0A417}.Release|Win32.ActiveCfg = Release|Win32
		{82570206-587C-48CA-9280-054D97E0A417}.Release|Win32.Build.0 = Release|Win32
		{82570206-587C-48CA-9280-054D97E0A417}.Release|x64.ActiveCfg = Release|x64
		{1AF03BEC-8710-401F-AC95-392EE735AAA2}.Debug|Mixed Platforms.ActiveCfg = Debug|Win32
		{1AF03BEC-8710-401F-AC95-392EE735AAA2}.Debug|Mixed Platforms.Build.0 = Debug|Win32
		{1AF03BEC-8710-401F-AC95-392EE735AAA2}.Debug|Win32.ActiveCfg = Debug|Win32
		{1AF03BEC-8710-401F-AC95-392EE735AAA2}.Debug|Win32.Build.0 = Debug|Win32
		{1AF03BEC-8710-401F-AC95-392EE735AAA2}.Debug|x64.ActiveCfg = Debug|x64
		{1AF03BEC-8710-401F-AC95-392EE735AAA2}.Debug|x64.Build.0 = Debug|x64
		{1AF03BEC-8710-401F-AC95-392EE735AAA2}.Release|Mixed Platforms.ActiveCfg = Release|Win32
		{1AF03BEC-8710-401F-AC95-392EE735AAA2}.Release|Mixed Platforms.Build.0 = Release|Win32
		{1AF03BEC-8710-401F-AC95-392EE735AAA2}.Release|Win32.ActiveCfg = Release|Win32
		{1AF03BEC-8710-401F-AC95-392EE735AAA2}.Release|Win32.Build.0 = Release|Win32
		{1AF03BEC-8710-401F-AC95-392EE735AAA2}.Release|x64.ActiveCfg = Release|Win32
	EndGlobalSection
	GlobalSection(SolutionProperties) = preSolution
		HideSolutionNode = FALSE
	EndGlobalSection
EndGlobal
