<?xml version="1.0" encoding="utf-8"?>
<Project ToolsVersion="4.0" xmlns="http://schemas.microsoft.com/developer/msbuild/2003">
  <ItemGroup>
    <Filter Include="Source Files">
      <UniqueIdentifier>{4FC737F1-C7A5-4376-A066-2A32D752A2FF}</UniqueIdentifier>
      <Extensions>cpp;c;cc;cxx;def;odl;idl;hpj;bat;asm;asmx</Extensions>
    </Filter>
    <Filter Include="Header Files">
      <UniqueIdentifier>{93995380-89BD-4b04-88EB-625FBE52EBFB}</UniqueIdentifier>
      <Extensions>h;hh;hpp;hxx;hm;inl;inc;xsd</Extensions>
    </Filter>
    <Filter Include="Resource Files">
      <UniqueIdentifier>{67DA6AB6-F800-4c08-8B7A-83BB121AAD01}</UniqueIdentifier>
      <Extensions>rc;ico;cur;bmp;dlg;rc2;rct;bin;rgs;gif;jpg;jpeg;jpe;resx;tiff;tif;png;wav;mfcribbon-ms</Extensions>
    </Filter>
  </ItemGroup>
  <ItemGroup>
    <Text Include="ReadMe.txt" />
  </ItemGroup>
  <ItemGroup>
    <ClInclude Include="targetver.h">
      <Filter>Header Files</Filter>
    </ClInclude>
    <ClInclude Include="AppProjection.h">
      <Filter>Header Files</Filter>
    </ClInclude>
    <ClInclude Include="AspectRatio.h">
      <Filter>Header Files</Filter>
    </ClInclude>
    <ClInclude Include="Audio.h">
      <Filter>Header Files</Filter>
    </ClInclude>
    <ClInclude Include="AudioQueue.h">
      <Filter>Header Files</Filter>
    </ClInclude>
    <ClInclude Include="CanvasBase.h">
      <Filter>Header Files</Filter>
    </ClInclude>
    <ClInclude Include="CanvasOpenGL.h">
      <Filter>Header Files</Filter>
    </ClInclude>
    <ClInclude Include="common.h">
      <Filter>Header Files</Filter>
    </ClInclude>
    <ClInclude Include="Cue.h">
      <Filter>Header Files</Filter>
    </ClInclude>
    <ClInclude Include="CueList.h">
      <Filter>Header Files</Filter>
    </ClInclude>
    <ClInclude Include="DecodeH264.h">
      <Filter>Header Files</Filter>
    </ClInclude>
    <ClInclude Include="DndDropTarget.h">
      <Filter>Header Files</Filter>
    </ClInclude>
    <ClInclude Include="DndSourceButton.h">
      <Filter>Header Files</Filter>
    </ClInclude>
    <ClInclude Include="DndTargetButton.h">
      <Filter>Header Files</Filter>
    </ClInclude>
    <ClInclude Include="EventGenerateFrame.h">
      <Filter>Header Files</Filter>
    </ClInclude>
    <ClInclude Include="EventImage.h">
      <Filter>Header Files</Filter>
    </ClInclude>
    <ClInclude Include="FpsGenerator.h">
      <Filter>Header Files</Filter>
    </ClInclude>
    <ClInclude Include="FrameMain.h">
      <Filter>Header Files</Filter>
    </ClInclude>
    <ClInclude Include="FrameProjection.h">
      <Filter>Header Files</Filter>
    </ClInclude>
    <ClInclude Include="InteractiveTransform.h">
      <Filter>Header Files</Filter>
    </ClInclude>
    <ClInclude Include="MediaStreamDecode.h">
      <Filter>Header Files</Filter>
    </ClInclude>
    <ClInclude Include="Outline.h">
      <Filter>Header Files</Filter>
    </ClInclude>
    <ClInclude Include="PanelSurfaceSources.h">
      <Filter>Header Files</Filter>
    </ClInclude>
    <ClInclude Include="PhysicalDisplay.h">
      <Filter>Header Files</Filter>
    </ClInclude>
    <ClInclude Include="RawImage.h">
      <Filter>Header Files</Filter>
    </ClInclude>
    <ClInclude Include="SceneElement.h">
      <Filter>Header Files</Filter>
    </ClInclude>
    <ClInclude Include="SceneManager.h">
      <Filter>Header Files</Filter>
    </ClInclude>
    <ClInclude Include="SEGrid.h">
      <Filter>Header Files</Filter>
    </ClInclude>
    <ClInclude Include="SETexture.h">
      <Filter>Header Files</Filter>
    </ClInclude>
    <ClInclude Include="ShaderManager.h">
      <Filter>Header Files</Filter>
    </ClInclude>
    <ClInclude Include="structures.h">
      <Filter>Header Files</Filter>
    </ClInclude>
    <ClInclude Include="tex1.h">
      <Filter>Header Files</Filter>
    </ClInclude>
    <ClInclude Include="tex2.h">
      <Filter>Header Files</Filter>
    </ClInclude>
    <ClInclude Include="TimeLine.h">
      <Filter>Header Files</Filter>
    </ClInclude>
    <ClInclude Include="TreeDisplayManager.h">
      <Filter>Header Files</Filter>
    </ClInclude>
    <ClInclude Include="tut1.h">
      <Filter>Header Files</Filter>
    </ClInclude>
    <ClInclude Include="WaveformView.h">
      <Filter>Header Files</Filter>
    </ClInclude>
    <ClInclude Include="ConsoleStream.h">
      <Filter>Header Files</Filter>
    </ClInclude>
    <ClInclude Include="ReusableBuffers.h">
      <Filter>Header Files</Filter>
    </ClInclude>
    <ClInclude Include="PanelLogging.h">
      <Filter>Header Files</Filter>
    </ClInclude>
    <ClInclude Include="SceneElementOpenGL.h">
      <Filter>Header Files</Filter>
    </ClInclude>
    <ClInclude Include="KeyFrameDiamond.h">
      <Filter>Header Files</Filter>
    </ClInclude>
    <ClInclude Include="KeyFrameView.h">
      <Filter>Header Files</Filter>
    </ClInclude>
    <ClInclude Include="SceneViewCommon.h">
      <Filter>Header Files</Filter>
    </ClInclude>
    <ClInclude Include="SceneView.h">
      <Filter>Header Files</Filter>
    </ClInclude>
  </ItemGroup>
  <ItemGroup>
    <ClCompile Include="AppProjection.cpp">
      <Filter>Source Files</Filter>
    </ClCompile>
    <ClCompile Include="AspectRatio.cpp">
      <Filter>Source Files</Filter>
    </ClCompile>
    <ClCompile Include="Audio.cpp">
      <Filter>Source Files</Filter>
    </ClCompile>
    <ClCompile Include="AudioQueue.cpp">
      <Filter>Source Files</Filter>
    </ClCompile>
    <ClCompile Include="CanvasBase.cpp">
      <Filter>Source Files</Filter>
    </ClCompile>
    <ClCompile Include="CanvasOpenGL.cpp">
      <Filter>Source Files</Filter>
    </ClCompile>
    <ClCompile Include="Cue.cpp">
      <Filter>Source Files</Filter>
    </ClCompile>
    <ClCompile Include="CueList.cpp">
      <Filter>Source Files</Filter>
    </ClCompile>
    <ClCompile Include="DecodeH264.cpp">
      <Filter>Source Files</Filter>
    </ClCompile>
    <ClCompile Include="DndDropTarget.cpp">
      <Filter>Source Files</Filter>
    </ClCompile>
    <ClCompile Include="DndSourceButton.cpp">
      <Filter>Source Files</Filter>
    </ClCompile>
    <ClCompile Include="DndTargetButton.cpp">
      <Filter>Source Files</Filter>
    </ClCompile>
    <ClCompile Include="EventGenerateFrame.cpp">
      <Filter>Source Files</Filter>
    </ClCompile>
    <ClCompile Include="EventImage.cpp">
      <Filter>Source Files</Filter>
    </ClCompile>
    <ClCompile Include="FpsGenerator.cpp">
      <Filter>Source Files</Filter>
    </ClCompile>
    <ClCompile Include="FrameMain.cpp">
      <Filter>Source Files</Filter>
    </ClCompile>
    <ClCompile Include="FrameProjection.cpp">
      <Filter>Source Files</Filter>
    </ClCompile>
    <ClCompile Include="InteractiveTransform.cpp">
      <Filter>Source Files</Filter>
    </ClCompile>
    <ClCompile Include="MediaStreamDecode.cpp">
      <Filter>Source Files</Filter>
    </ClCompile>
    <ClCompile Include="Outline.cpp">
      <Filter>Source Files</Filter>
    </ClCompile>
    <ClCompile Include="PanelSurfaceSources.cpp">
      <Filter>Source Files</Filter>
    </ClCompile>
    <ClCompile Include="PhysicalDisplay.cpp">
      <Filter>Source Files</Filter>
    </ClCompile>
    <ClCompile Include="RawImage.cpp">
      <Filter>Source Files</Filter>
    </ClCompile>
    <ClCompile Include="SceneElement.cpp">
      <Filter>Source Files</Filter>
    </ClCompile>
    <ClCompile Include="SceneManager.cpp">
      <Filter>Source Files</Filter>
    </ClCompile>
    <ClCompile Include="SEGrid.cpp">
      <Filter>Source Files</Filter>
    </ClCompile>
    <ClCompile Include="SETexture.cpp">
      <Filter>Source Files</Filter>
    </ClCompile>
    <ClCompile Include="ShaderManager.cpp">
      <Filter>Source Files</Filter>
    </ClCompile>
    <ClCompile Include="tex1.cpp">
      <Filter>Source Files</Filter>
    </ClCompile>
    <ClCompile Include="tex2.cpp">
      <Filter>Source Files</Filter>
    </ClCompile>
    <ClCompile Include="TimeLine.cpp">
      <Filter>Source Files</Filter>
    </ClCompile>
    <ClCompile Include="TreeDisplayManager.cpp">
      <Filter>Source Files</Filter>
    </ClCompile>
    <ClCompile Include="tut1.cpp">
      <Filter>Source Files</Filter>
    </ClCompile>
    <ClCompile Include="WaveformView.cpp">
      <Filter>Source Files</Filter>
    </ClCompile>
    <ClCompile Include="ConsoleStream.cpp">
      <Filter>Source Files</Filter>
    </ClCompile>
    <ClCompile Include="ReusableBuffers.cpp">
      <Filter>Source Files</Filter>
    </ClCompile>
    <ClCompile Include="PanelLogging.cpp">
      <Filter>Source Files</Filter>
    </ClCompile>
    <ClCompile Include="SceneElementOpenGL.cpp">
      <Filter>Source Files</Filter>
    </ClCompile>
    <ClCompile Include="KeyFrameView.cpp">
      <Filter>Source Files</Filter>
    </ClCompile>
    <ClCompile Include="SceneViewCommon.cpp">
      <Filter>Source Files</Filter>
    </ClCompile>
    <ClCompile Include="SceneView.cpp">
      <Filter>Source Files</Filter>
    </ClCompile>
  </ItemGroup>
</Project>